# THIS IS AN AUTOGENERATED FILE. DO NOT EDIT THIS FILE DIRECTLY.
# yarn lockfile v1


html2json-parser@0.0.2:
  version "0.0.2"
  resolved "https://registry.yarnpkg.com/html2json-parser/-/html2json-parser-0.0.2.tgz#ee0e010d53976c361a50ea3ec247d34f4a5308fd"
  integrity sha512-SFfuiWJKhLSSDlbLbSqt/DSW0qMeUbOy6VPVy6hgDK/hp/WiCtElD7bytdgGas44WRraOPQFGGO7SUY/kLuHaA==
